{
  "requires": true,
  "lockfileVersion": 1,
  "dependencies": {
    "@pixi/ticker": {
      "version": "6.2.0",
      "resolved": "https://registry.npmjs.org/@pixi/ticker/-/ticker-6.2.0.tgz",
      "integrity": "sha512-6X4hP2hciTdF776qhii9yiYQev/ZTPjFvuwZSHow7l33se81ORF33HFpcLdgZ7qgBQtT10+tOx8Fr6Ihu6yeUQ=="
    }
  }
}
